
Microsoft Visual Studio Solution File, Format Version 12.00
# Visual Studio Version 17
VisualStudioVersion = 17.0.31903.59
MinimumVisualStudioVersion = 10.0.40219.1
Project("{FAE04EC0-301F-11D3-BF4B-00C04F79EFBC}") = "bookstoreapi", "bookstoreapi\bookstoreapi.csproj", "{FF24619A-7CE0-4F6D-9794-B9D1C0B6BE52}"
EndProject
Project("{2150E333-8FDC-42A3-9474-1A3956D46DE8}") = "tests", "tests", "{ED436908-D34C-482D-851D-EFD534E83559}"
EndProject
Project("{FAE04EC0-301F-11D3-BF4B-00C04F79EFBC}") = "bookstore.unittests", "tests\bookstore.unittests\bookstore.unittests.csproj", "{E5799F74-8461-48A6-9093-AAB129B2B2BA}"
EndProject
Global
	GlobalSection(SolutionConfigurationPlatforms) = preSolution
		Debug|Any CPU = Debug|Any CPU
		Release|Any CPU = Release|Any CPU
	EndGlobalSection
	GlobalSection(SolutionProperties) = preSolution
		HideSolutionNode = FALSE
	EndGlobalSection
	GlobalSection(ProjectConfigurationPlatforms) = postSolution
		{FF24619A-7CE0-4F6D-9794-B9D1C0B6BE52}.Debug|Any CPU.ActiveCfg = Debug|Any CPU
		{FF24619A-7CE0-4F6D-9794-B9D1C0B6BE52}.Debug|Any CPU.Build.0 = Debug|Any CPU
		{FF24619A-7CE0-4F6D-9794-B9D1C0B6BE52}.Release|Any CPU.ActiveCfg = Release|Any CPU
		{FF24619A-7CE0-4F6D-9794-B9D1C0B6BE52}.Release|Any CPU.Build.0 = Release|Any CPU
		{E5799F74-8461-48A6-9093-AAB129B2B2BA}.Debug|Any CPU.ActiveCfg = Debug|Any CPU
		{E5799F74-8461-48A6-9093-AAB129B2B2BA}.Debug|Any CPU.Build.0 = Debug|Any CPU
		{E5799F74-8461-48A6-9093-AAB129B2B2BA}.Release|Any CPU.ActiveCfg = Release|Any CPU
		{E5799F74-8461-48A6-9093-AAB129B2B2BA}.Release|Any CPU.Build.0 = Release|Any CPU
	EndGlobalSection
	GlobalSection(NestedProjects) = preSolution
		{E5799F74-8461-48A6-9093-AAB129B2B2BA} = {ED436908-D34C-482D-851D-EFD534E83559}
	EndGlobalSection
EndGlobal
